
Microsoft Visual Studio Solution File, Format Version 12.00
# Visual Studio Version 17
VisualStudioVersion = 17.5.33516.290
MinimumVisualStudioVersion = 10.0.40219.1
Project("{F184B08F-C81C-45F6-A57F-5ABD9991F28F}") = "LCC-Node-text-file-editor", "LCC-Node-text-file-editor\LCC-Node-text-file-editor.vbproj", "{E51C05E8-7654-4122-9125-0B3427D1EFF1}"
EndProject
Global
	GlobalSection(SolutionConfigurationPlatforms) = preSolution
		Debug|Any CPU = Debug|Any CPU
		Release|Any CPU = Release|Any CPU
	EndGlobalSection
	GlobalSection(ProjectConfigurationPlatforms) = postSolution
		{E51C05E8-7654-4122-9125-0B3427D1EFF1}.Debug|Any CPU.ActiveCfg = Debug|Any CPU
		{E51C05E8-7654-4122-9125-0B3427D1EFF1}.Debug|Any CPU.Build.0 = Debug|Any CPU
		{E51C05E8-7654-4122-9125-0B3427D1EFF1}.Release|Any CPU.ActiveCfg = Release|Any CPU
		{E51C05E8-7654-4122-9125-0B3427D1EFF1}.Release|Any CPU.Build.0 = Release|Any CPU
	EndGlobalSection
	GlobalSection(SolutionProperties) = preSolution
		HideSolutionNode = FALSE
	EndGlobalSection
	GlobalSection(ExtensibilityGlobals) = postSolution
		SolutionGuid = {B0D2015A-1618-4748-997D-04E8EE7CA7BE}
	EndGlobalSection
EndGlobal
